// !$*UTF8*$!
{
	archiveVersion = 1;
	classes = {
	};
	objectVersion = 60;
	objects = {

/* Begin PBXBuildFile section */
		A9BCF0D72BE9060700EAA5C6 /* SampleAppApp.swift in Sources */ = {isa = PBXBuildFile; fileRef = A9BCF0D62BE9060700EAA5C6 /* SampleAppApp.swift */; };
		A9BCF0DB2BE9060800EAA5C6 /* Assets.xcassets in Resources */ = {isa = PBXBuildFile; fileRef = A9BCF0DA2BE9060800EAA5C6 /* Assets.xcassets */; };
		A9BCF0DE2BE9060800EAA5C6 /* Preview Assets.xcassets in Resources */ = {isa = PBXBuildFile; fileRef = A9BCF0DD2BE9060800EAA5C6 /* Preview Assets.xcassets */; };
		A9BCF0F22BE9064D00EAA5C6 /* Utils.swift in Sources */ = {isa = PBXBuildFile; fileRef = A9BCF0E42BE9064D00EAA5C6 /* Utils.swift */; };
		A9BCF0F32BE9064D00EAA5C6 /* MessagingViewController.swift in Sources */ = {isa = PBXBuildFile; fileRef = A9BCF0E52BE9064D00EAA5C6 /* MessagingViewController.swift */; };
		A9BCF0F42BE9064D00EAA5C6 /* AppEntryView.swift in Sources */ = {isa = PBXBuildFile; fileRef = A9BCF0E62BE9064D00EAA5C6 /* AppEntryView.swift */; };
		A9BCF0F52BE9064D00EAA5C6 /* ButtonMenu.swift in Sources */ = {isa = PBXBuildFile; fileRef = A9BCF0E72BE9064D00EAA5C6 /* ButtonMenu.swift */; };
		A9BCF0F62BE9064D00EAA5C6 /* ContentView.swift in Sources */ = {isa = PBXBuildFile; fileRef = A9BCF0E82BE9064D00EAA5C6 /* ContentView.swift */; };
		A9BCF0F72BE9064D00EAA5C6 /* FileSharingMenu.swift in Sources */ = {isa = PBXBuildFile; fileRef = A9BCF0E92BE9064D00EAA5C6 /* FileSharingMenu.swift */; };
		A9BCF0F82BE9064D00EAA5C6 /* InputArea.swift in Sources */ = {isa = PBXBuildFile; fileRef = A9BCF0EA2BE9064D00EAA5C6 /* InputArea.swift */; };
		A9BCF0F92BE9064D00EAA5C6 /* PButton.swift in Sources */ = {isa = PBXBuildFile; fileRef = A9BCF0EB2BE9064D00EAA5C6 /* PButton.swift */; };
		A9BCF0FA2BE9064D00EAA5C6 /* ConversationViewController.swift in Sources */ = {isa = PBXBuildFile; fileRef = A9BCF0ED2BE9064D00EAA5C6 /* ConversationViewController.swift */; };
		A9BCF0FC2BE9064D00EAA5C6 /* ViewModel.swift in Sources */ = {isa = PBXBuildFile; fileRef = A9BCF0EF2BE9064D00EAA5C6 /* ViewModel.swift */; };
		A9BCF0FD2BE9064D00EAA5C6 /* README.md in Resources */ = {isa = PBXBuildFile; fileRef = A9BCF0F12BE9064D00EAA5C6 /* README.md */; };
		A9BCF1232BEA262D00EAA5C6 /* LPMessagingSDK.xcframework in Frameworks */ = {isa = PBXBuildFile; fileRef = A9BCF1222BEA262D00EAA5C6 /* LPMessagingSDK.xcframework */; };
		A9BCF1242BEA262D00EAA5C6 /* LPMessagingSDK.xcframework in Embed Frameworks */ = {isa = PBXBuildFile; fileRef = A9BCF1222BEA262D00EAA5C6 /* LPMessagingSDK.xcframework */; settings = {ATTRIBUTES = (CodeSignOnCopy, RemoveHeadersOnCopy, ); }; };
/* End PBXBuildFile section */

/* Begin PBXCopyFilesBuildPhase section */
		A9BCF1252BEA262D00EAA5C6 /* Embed Frameworks */ = {
			isa = PBXCopyFilesBuildPhase;
			buildActionMask = 2147483647;
			dstPath = "";
			dstSubfolderSpec = 10;
			files = (
				A9BCF1242BEA262D00EAA5C6 /* LPMessagingSDK.xcframework in Embed Frameworks */,
			);
			name = "Embed Frameworks";
			runOnlyForDeploymentPostprocessing = 0;
		};
/* End PBXCopyFilesBuildPhase section */

/* Begin PBXFileReference section */
		A9BCF0D32BE9060700EAA5C6 /* SampleApp.app */ = {isa = PBXFileReference; explicitFileType = wrapper.application; includeInIndex = 0; path = SampleApp.app; sourceTree = BUILT_PRODUCTS_DIR; };
		A9BCF0D62BE9060700EAA5C6 /* SampleAppApp.swift */ = {isa = PBXFileReference; lastKnownFileType = sourcecode.swift; path = SampleAppApp.swift; sourceTree = "<group>"; };
		A9BCF0DA2BE9060800EAA5C6 /* Assets.xcassets */ = {isa = PBXFileReference; lastKnownFileType = folder.assetcatalog; path = Assets.xcassets; sourceTree = "<group>"; };
		A9BCF0DD2BE9060800EAA5C6 /* Preview Assets.xcassets */ = {isa = PBXFileReference; lastKnownFileType = folder.assetcatalog; path = "Preview Assets.xcassets"; sourceTree = "<group>"; };
		A9BCF0E42BE9064D00EAA5C6 /* Utils.swift */ = {isa = PBXFileReference; fileEncoding = 4; lastKnownFileType = sourcecode.swift; path = Utils.swift; sourceTree = "<group>"; };
		A9BCF0E52BE9064D00EAA5C6 /* MessagingViewController.swift */ = {isa = PBXFileReference; fileEncoding = 4; lastKnownFileType = sourcecode.swift; path = MessagingViewController.swift; sourceTree = "<group>"; };
		A9BCF0E62BE9064D00EAA5C6 /* AppEntryView.swift */ = {isa = PBXFileReference; fileEncoding = 4; lastKnownFileType = sourcecode.swift; path = AppEntryView.swift; sourceTree = "<group>"; };
		A9BCF0E72BE9064D00EAA5C6 /* ButtonMenu.swift */ = {isa = PBXFileReference; fileEncoding = 4; lastKnownFileType = sourcecode.swift; path = ButtonMenu.swift; sourceTree = "<group>"; };
		A9BCF0E82BE9064D00EAA5C6 /* ContentView.swift */ = {isa = PBXFileReference; fileEncoding = 4; lastKnownFileType = sourcecode.swift; path = ContentView.swift; sourceTree = "<group>"; };
		A9BCF0E92BE9064D00EAA5C6 /* FileSharingMenu.swift */ = {isa = PBXFileReference; fileEncoding = 4; lastKnownFileType = sourcecode.swift; path = FileSharingMenu.swift; sourceTree = "<group>"; };
		A9BCF0EA2BE9064D00EAA5C6 /* InputArea.swift */ = {isa = PBXFileReference; fileEncoding = 4; lastKnownFileType = sourcecode.swift; path = InputArea.swift; sourceTree = "<group>"; };
		A9BCF0EB2BE9064D00EAA5C6 /* PButton.swift */ = {isa = PBXFileReference; fileEncoding = 4; lastKnownFileType = sourcecode.swift; path = PButton.swift; sourceTree = "<group>"; };
		A9BCF0ED2BE9064D00EAA5C6 /* ConversationViewController.swift */ = {isa = PBXFileReference; fileEncoding = 4; lastKnownFileType = sourcecode.swift; path = ConversationViewController.swift; sourceTree = "<group>"; };
		A9BCF0EF2BE9064D00EAA5C6 /* ViewModel.swift */ = {isa = PBXFileReference; fileEncoding = 4; lastKnownFileType = sourcecode.swift; path = ViewModel.swift; sourceTree = "<group>"; };
		A9BCF0F12BE9064D00EAA5C6 /* README.md */ = {isa = PBXFileReference; fileEncoding = 4; lastKnownFileType = net.daringfireball.markdown; path = README.md; sourceTree = "<group>"; };
		A9BCF1222BEA262D00EAA5C6 /* LPMessagingSDK.xcframework */ = {isa = PBXFileReference; expectedSignature = "AppleDeveloperProgram:M6C39UG9M8:Liveperson Inc."; lastKnownFileType = wrapper.xcframework; name = LPMessagingSDK.xcframework; path = SampleApp/Frameworks/LPMessagingSDK.xcframework; sourceTree = "<group>"; };
/* End PBXFileReference section */

/* Begin PBXFrameworksBuildPhase section */
		A9BCF0D02BE9060700EAA5C6 /* Frameworks */ = {
			isa = PBXFrameworksBuildPhase;
			buildActionMask = 2147483647;
			files = (
				A9BCF1232BEA262D00EAA5C6 /* LPMessagingSDK.xcframework in Frameworks */,
			);
			runOnlyForDeploymentPostprocessing = 0;
		};
/* End PBXFrameworksBuildPhase section */

/* Begin PBXGroup section */
		A9BCF0CA2BE9060700EAA5C6 = {
			isa = PBXGroup;
			children = (
				A9BCF0D52BE9060700EAA5C6 /* SampleApp */,
				A9BCF0D42BE9060700EAA5C6 /* Products */,
				A9BCF1212BEA262D00EAA5C6 /* Frameworks */,
			);
			sourceTree = "<group>";
		};
		A9BCF0D42BE9060700EAA5C6 /* Products */ = {
			isa = PBXGroup;
			children = (
				A9BCF0D32BE9060700EAA5C6 /* SampleApp.app */,
			);
			name = Products;
			sourceTree = "<group>";
		};
		A9BCF0D52BE9060700EAA5C6 /* SampleApp */ = {
			isa = PBXGroup;
			children = (
				A9BCF0ED2BE9064D00EAA5C6 /* ConversationViewController.swift */,
				A9BCF0E52BE9064D00EAA5C6 /* MessagingViewController.swift */,
				A9BCF0F12BE9064D00EAA5C6 /* README.md */,
				A9BCF0F02BE9064D00EAA5C6 /* ViewModel */,
				A9BCF0E42BE9064D00EAA5C6 /* Utils.swift */,
				A9BCF0EC2BE9064D00EAA5C6 /* Views */,
				A9BCF0D62BE9060700EAA5C6 /* SampleAppApp.swift */,
				A9BCF0DA2BE9060800EAA5C6 /* Assets.xcassets */,
				A9BCF0DC2BE9060800EAA5C6 /* Preview Content */,
			);
			path = SampleApp;
			sourceTree = "<group>";
		};
		A9BCF0DC2BE9060800EAA5C6 /* Preview Content */ = {
			isa = PBXGroup;
			children = (
				A9BCF0DD2BE9060800EAA5C6 /* Preview Assets.xcassets */,
			);
			path = "Preview Content";
			sourceTree = "<group>";
		};
		A9BCF0EC2BE9064D00EAA5C6 /* Views */ = {
			isa = PBXGroup;
			children = (
				A9BCF0E62BE9064D00EAA5C6 /* AppEntryView.swift */,
				A9BCF0E72BE9064D00EAA5C6 /* ButtonMenu.swift */,
				A9BCF0E82BE9064D00EAA5C6 /* ContentView.swift */,
				A9BCF0E92BE9064D00EAA5C6 /* FileSharingMenu.swift */,
				A9BCF0EA2BE9064D00EAA5C6 /* InputArea.swift */,
				A9BCF0EB2BE9064D00EAA5C6 /* PButton.swift */,
			);
			path = Views;
			sourceTree = "<group>";
		};
		A9BCF0F02BE9064D00EAA5C6 /* ViewModel */ = {
			isa = PBXGroup;
			children = (
				A9BCF0EF2BE9064D00EAA5C6 /* ViewModel.swift */,
			);
			path = ViewModel;
			sourceTree = "<group>";
		};
		A9BCF1212BEA262D00EAA5C6 /* Frameworks */ = {
			isa = PBXGroup;
			children = (
				A9BCF1222BEA262D00EAA5C6 /* LPMessagingSDK.xcframework */,
			);
			name = Frameworks;
			sourceTree = "<group>";
		};
/* End PBXGroup section */

/* Begin PBXNativeTarget section */
		A9BCF0D22BE9060700EAA5C6 /* SampleApp */ = {
			isa = PBXNativeTarget;
			buildConfigurationList = A9BCF0E12BE9060800EAA5C6 /* Build configuration list for PBXNativeTarget "SampleApp" */;
			buildPhases = (
				A9BCF0CF2BE9060700EAA5C6 /* Sources */,
				A9BCF0D02BE9060700EAA5C6 /* Frameworks */,
				A9BCF0D12BE9060700EAA5C6 /* Resources */,
				A9BCF1252BEA262D00EAA5C6 /* Embed Frameworks */,
			);
			buildRules = (
			);
			dependencies = (
			);
			name = SampleApp;
			packageProductDependencies = (
			);
			productName = SampleApp;
			productReference = A9BCF0D32BE9060700EAA5C6 /* SampleApp.app */;
			productType = "com.apple.product-type.application";
		};
/* End PBXNativeTarget section */

/* Begin PBXProject section */
		A9BCF0CB2BE9060700EAA5C6 /* Project object */ = {
			isa = PBXProject;
			attributes = {
				BuildIndependentTargetsInParallel = 1;
				LastSwiftUpdateCheck = 1530;
				LastUpgradeCheck = 1530;
				TargetAttributes = {
					A9BCF0D22BE9060700EAA5C6 = {
						CreatedOnToolsVersion = 15.3;
					};
				};
			};
			buildConfigurationList = A9BCF0CE2BE9060700EAA5C6 /* Build configuration list for PBXProject "SampleApp" */;
			compatibilityVersion = "Xcode 14.0";
			developmentRegion = en;
			hasScannedForEncodings = 0;
			knownRegions = (
				en,
				Base,
			);
			mainGroup = A9BCF0CA2BE9060700EAA5C6;
			packageReferences = (
			);
			productRefGroup = A9BCF0D42BE9060700EAA5C6 /* Products */;
			projectDirPath = "";
			projectRoot = "";
			targets = (
				A9BCF0D22BE9060700EAA5C6 /* SampleApp */,
			);
		};
/* End PBXProject section */

/* Begin PBXResourcesBuildPhase section */
		A9BCF0D12BE9060700EAA5C6 /* Resources */ = {
			isa = PBXResourcesBuildPhase;
			buildActionMask = 2147483647;
			files = (
				A9BCF0FD2BE9064D00EAA5C6 /* README.md in Resources */,
				A9BCF0DE2BE9060800EAA5C6 /* Preview Assets.xcassets in Resources */,
				A9BCF0DB2BE9060800EAA5C6 /* Assets.xcassets in Resources */,
			);
			runOnlyForDeploymentPostprocessing = 0;
		};
/* End PBXResourcesBuildPhase section */

/* Begin PBXSourcesBuildPhase section */
		A9BCF0CF2BE9060700EAA5C6 /* Sources */ = {
			isa = PBXSourcesBuildPhase;
			buildActionMask = 2147483647;
			files = (
				A9BCF0F72BE9064D00EAA5C6 /* FileSharingMenu.swift in Sources */,
				A9BCF0F32BE9064D00EAA5C6 /* MessagingViewController.swift in Sources */,
				A9BCF0F62BE9064D00EAA5C6 /* ContentView.swift in Sources */,
				A9BCF0F52BE9064D00EAA5C6 /* ButtonMenu.swift in Sources */,
				A9BCF0F82BE9064D00EAA5C6 /* InputArea.swift in Sources */,
				A9BCF0F92BE9064D00EAA5C6 /* PButton.swift in Sources */,
				A9BCF0D72BE9060700EAA5C6 /* SampleAppApp.swift in Sources */,
				A9BCF0FC2BE9064D00EAA5C6 /* ViewModel.swift in Sources */,
				A9BCF0F22BE9064D00EAA5C6 /* Utils.swift in Sources */,
				A9BCF0FA2BE9064D00EAA5C6 /* ConversationViewController.swift in Sources */,
				A9BCF0F42BE9064D00EAA5C6 /* AppEntryView.swift in Sources */,
			);
			runOnlyForDeploymentPostprocessing = 0;
		};
/* End PBXSourcesBuildPhase section */

/* Begin XCBuildConfiguration section */
		A9BCF0DF2BE9060800EAA5C6 /* Debug */ = {
			isa = XCBuildConfiguration;
			buildSettings = {
				ALWAYS_SEARCH_USER_PATHS = NO;
				ASSETCATALOG_COMPILER_GENERATE_SWIFT_ASSET_SYMBOL_EXTENSIONS = YES;
				CLANG_ANALYZER_NONNULL = YES;
				CLANG_ANALYZER_NUMBER_OBJECT_CONVERSION = YES_AGGRESSIVE;
				CLANG_CXX_LANGUAGE_STANDARD = "gnu++20";
				CLANG_ENABLE_MODULES = YES;
				CLANG_ENABLE_OBJC_ARC = YES;
				CLANG_ENABLE_OBJC_WEAK = YES;
				CLANG_WARN_BLOCK_CAPTURE_AUTORELEASING = YES;
				CLANG_WARN_BOOL_CONVERSION = YES;
				CLANG_WARN_COMMA = YES;
				CLANG_WARN_CONSTANT_CONVERSION = YES;
				CLANG_WARN_DEPRECATED_OBJC_IMPLEMENTATIONS = YES;
				CLANG_WARN_DIRECT_OBJC_ISA_USAGE = YES_ERROR;
				CLANG_WARN_DOCUMENTATION_COMMENTS = YES;
				CLANG_WARN_EMPTY_BODY = YES;
				CLANG_WARN_ENUM_CONVERSION = YES;
				CLANG_WARN_INFINITE_RECURSION = YES;
				CLANG_WARN_INT_CONVERSION = YES;
				CLANG_WARN_NON_LITERAL_NULL_CONVERSION = YES;
				CLANG_WARN_OBJC_IMPLICIT_RETAIN_SELF = YES;
				CLANG_WARN_OBJC_LITERAL_CONVERSION = YES;
				CLANG_WARN_OBJC_ROOT_CLASS = YES_ERROR;
				CLANG_WARN_QUOTED_INCLUDE_IN_FRAMEWORK_HEADER = YES;
				CLANG_WARN_RANGE_LOOP_ANALYSIS = YES;
				CLANG_WARN_STRICT_PROTOTYPES = YES;
				CLANG_WARN_SUSPICIOUS_MOVE = YES;
				CLANG_WARN_UNGUARDED_AVAILABILITY = YES_AGGRESSIVE;
				CLANG_WARN_UNREACHABLE_CODE = YES;
				CLANG_WARN__DUPLICATE_METHOD_MATCH = YES;
				COPY_PHASE_STRIP = NO;
				DEBUG_INFORMATION_FORMAT = dwarf;
				ENABLE_STRICT_OBJC_MSGSEND = YES;
				ENABLE_TESTABILITY = YES;
				ENABLE_USER_SCRIPT_SANDBOXING = YES;
				GCC_C_LANGUAGE_STANDARD = gnu17;
				GCC_DYNAMIC_NO_PIC = NO;
				GCC_NO_COMMON_BLOCKS = YES;
				GCC_OPTIMIZATION_LEVEL = 0;
				GCC_PREPROCESSOR_DEFINITIONS = (
					"DEBUG=1",
					"$(inherited)",
				);
				GCC_WARN_64_TO_32_BIT_CONVERSION = YES;
				GCC_WARN_ABOUT_RETURN_TYPE = YES_ERROR;
				GCC_WARN_UNDECLARED_SELECTOR = YES;
				GCC_WARN_UNINITIALIZED_AUTOS = YES_AGGRESSIVE;
				GCC_WARN_UNUSED_FUNCTION = YES;
				GCC_WARN_UNUSED_VARIABLE = YES;
				IPHONEOS_DEPLOYMENT_TARGET = 17.4;
				LOCALIZATION_PREFERS_STRING_CATALOGS = YES;
				MTL_ENABLE_DEBUG_INFO = INCLUDE_SOURCE;
				MTL_FAST_MATH = YES;
				ONLY_ACTIVE_ARCH = YES;
				SDKROOT = iphoneos;
				SWIFT_ACTIVE_COMPILATION_CONDITIONS = "DEBUG $(inherited)";
				SWIFT_OPTIMIZATION_LEVEL = "-Onone";
			};
			name = Debug;
		};
		A9BCF0E02BE9060800EAA5C6 /* Release */ = {
			isa = XCBuildConfiguration;
			buildSettings = {
				ALWAYS_SEARCH_USER_PATHS = NO;
				ASSETCATALOG_COMPILER_GENERATE_SWIFT_ASSET_SYMBOL_EXTENSIONS = YES;
				CLANG_ANALYZER_NONNULL = YES;
				CLANG_ANALYZER_NUMBER_OBJECT_CONVERSION = YES_AGGRESSIVE;
				CLANG_CXX_LANGUAGE_STANDARD = "gnu++20";
				CLANG_ENABLE_MODULES = YES;
				CLANG_ENABLE_OBJC_ARC = YES;
				CLANG_ENABLE_OBJC_WEAK = YES;
				CLANG_WARN_BLOCK_CAPTURE_AUTORELEASING = YES;
				CLANG_WARN_BOOL_CONVERSION = YES;
				CLANG_WARN_COMMA = YES;
				CLANG_WARN_CONSTANT_CONVERSION = YES;
				CLANG_WARN_DEPRECATED_OBJC_IMPLEMENTATIONS = YES;
				CLANG_WARN_DIRECT_OBJC_ISA_USAGE = YES_ERROR;
				CLANG_WARN_DOCUMENTATION_COMMENTS = YES;
				CLANG_WARN_EMPTY_BODY = YES;
				CLANG_WARN_ENUM_CONVERSION = YES;
				CLANG_WARN_INFINITE_RECURSION = YES;
				CLANG_WARN_INT_CONVERSION = YES;
				CLANG_WARN_NON_LITERAL_NULL_CONVERSION = YES;
				CLANG_WARN_OBJC_IMPLICIT_RETAIN_SELF = YES;
				CLANG_WARN_OBJC_LITERAL_CONVERSION = YES;
				CLANG_WARN_OBJC_ROOT_CLASS = YES_ERROR;
				CLANG_WARN_QUOTED_INCLUDE_IN_FRAMEWORK_HEADER = YES;
				CLANG_WARN_RANGE_LOOP_ANALYSIS = YES;
				CLANG_WARN_STRICT_PROTOTYPES = YES;
				CLANG_WARN_SUSPICIOUS_MOVE = YES;
				CLANG_WARN_UNGUARDED_AVAILABILITY = YES_AGGRESSIVE;
				CLANG_WARN_UNREACHABLE_CODE = YES;
				CLANG_WARN__DUPLICATE_METHOD_MATCH = YES;
				COPY_PHASE_STRIP = NO;
				DEBUG_INFORMATION_FORMAT = "dwarf-with-dsym";
				ENABLE_NS_ASSERTIONS = NO;
				ENABLE_STRICT_OBJC_MSGSEND = YES;
				ENABLE_USER_SCRIPT_SANDBOXING = YES;
				GCC_C_LANGUAGE_STANDARD = gnu17;
				GCC_NO_COMMON_BLOCKS = YES;
				GCC_WARN_64_TO_32_BIT_CONVERSION = YES;
				GCC_WARN_ABOUT_RETURN_TYPE = YES_ERROR;
				GCC_WARN_UNDECLARED_SELECTOR = YES;
				GCC_WARN_UNINITIALIZED_AUTOS = YES_AGGRESSIVE;
				GCC_WARN_UNUSED_FUNCTION = YES;
				GCC_WARN_UNUSED_VARIABLE = YES;
				IPHONEOS_DEPLOYMENT_TARGET = 17.4;
				LOCALIZATION_PREFERS_STRING_CATALOGS = YES;
				MTL_ENABLE_DEBUG_INFO = NO;
				MTL_FAST_MATH = YES;
				SDKROOT = iphoneos;
				SWIFT_COMPILATION_MODE = wholemodule;
				VALIDATE_PRODUCT = YES;
			};
			name = Release;
		};
		A9BCF0E22BE9060800EAA5C6 /* Debug */ = {
			isa = XCBuildConfiguration;
			buildSettings = {
				ASSETCATALOG_COMPILER_APPICON_NAME = AppIcon;
				ASSETCATALOG_COMPILER_GLOBAL_ACCENT_COLOR_NAME = AccentColor;
				CODE_SIGN_STYLE = Automatic;
				CURRENT_PROJECT_VERSION = 1;
				DEVELOPMENT_ASSET_PATHS = "\"SampleApp/Preview Content\"";
				DEVELOPMENT_TEAM = M6C39UG9M8;
				ENABLE_PREVIEWS = YES;
				GENERATE_INFOPLIST_FILE = YES;
				INFOPLIST_KEY_NSCameraUsageDescription = "Camera Privacy Setting for LiveEngage iOS SDK";
				INFOPLIST_KEY_NSMicrophoneUsageDescription = "Microphone Privacy Setting for LiveEngage iOS SDK";
				INFOPLIST_KEY_NSPhotoLibraryAddUsageDescription = "Photo Additions Privacy Description for LiveEngage iOS SDK";
				INFOPLIST_KEY_NSPhotoLibraryUsageDescription = "Photo Library Privacy Setting for LiveEngage iOS SDK";
				INFOPLIST_KEY_UIApplicationSceneManifest_Generation = YES;
				INFOPLIST_KEY_UIApplicationSupportsIndirectInputEvents = YES;
				INFOPLIST_KEY_UILaunchScreen_Generation = YES;
				INFOPLIST_KEY_UISupportedInterfaceOrientations_iPad = "UIInterfaceOrientationPortrait UIInterfaceOrientationPortraitUpsideDown UIInterfaceOrientationLandscapeLeft UIInterfaceOrientationLandscapeRight";
				INFOPLIST_KEY_UISupportedInterfaceOrientations_iPhone = "UIInterfaceOrientationPortrait UIInterfaceOrientationLandscapeLeft UIInterfaceOrientationLandscapeRight";
				IPHONEOS_DEPLOYMENT_TARGET = 14.0;
				LD_RUNPATH_SEARCH_PATHS = (
					"$(inherited)",
					"@executable_path/Frameworks",
				);
				MARKETING_VERSION = 1.0;
				PRODUCT_BUNDLE_IDENTIFIER = com.liveperson.swiftui.SampleApp;
				PRODUCT_NAME = "$(TARGET_NAME)";
				SWIFT_EMIT_LOC_STRINGS = YES;
				SWIFT_VERSION = 5.0;
				TARGETED_DEVICE_FAMILY = "1,2";
			};
			name = Debug;
		};
		A9BCF0E32BE9060800EAA5C6 /* Release */ = {
			isa = XCBuildConfiguration;
			buildSettings = {
				ASSETCATALOG_COMPILER_APPICON_NAME = AppIcon;
				ASSETCATALOG_COMPILER_GLOBAL_ACCENT_COLOR_NAME = AccentColor;
				CODE_SIGN_STYLE = Automatic;
				CURRENT_PROJECT_VERSION = 1;
				DEVELOPMENT_ASSET_PATHS = "\"SampleApp/Preview Content\"";
				DEVELOPMENT_TEAM = M6C39UG9M8;
				ENABLE_PREVIEWS = YES;
				GENERATE_INFOPLIST_FILE = YES;
				INFOPLIST_KEY_NSCameraUsageDescription = "Camera Privacy Setting for LiveEngage iOS SDK";
				INFOPLIST_KEY_NSMicrophoneUsageDescription = "Microphone Privacy Setting for LiveEngage iOS SDK";
				INFOPLIST_KEY_NSPhotoLibraryAddUsageDescription = "Photo Additions Privacy Description for LiveEngage iOS SDK";
				INFOPLIST_KEY_NSPhotoLibraryUsageDescription = "Photo Library Privacy Setting for LiveEngage iOS SDK";
				INFOPLIST_KEY_UIApplicationSceneManifest_Generation = YES;
				INFOPLIST_KEY_UIApplicationSupportsIndirectInputEvents = YES;
				INFOPLIST_KEY_UILaunchScreen_Generation = YES;
				INFOPLIST_KEY_UISupportedInterfaceOrientations_iPad = "UIInterfaceOrientationPortrait UIInterfaceOrientationPortraitUpsideDown UIInterfaceOrientationLandscapeLeft UIInterfaceOrientationLandscapeRight";
				INFOPLIST_KEY_UISupportedInterfaceOrientations_iPhone = "UIInterfaceOrientationPortrait UIInterfaceOrientationLandscapeLeft UIInterfaceOrientationLandscapeRight";
				IPHONEOS_DEPLOYMENT_TARGET = 14.0;
				LD_RUNPATH_SEARCH_PATHS = (
					"$(inherited)",
					"@executable_path/Frameworks",
				);
				MARKETING_VERSION = 1.0;
				PRODUCT_BUNDLE_IDENTIFIER = com.liveperson.swiftui.SampleApp;
				PRODUCT_NAME = "$(TARGET_NAME)";
				SWIFT_EMIT_LOC_STRINGS = YES;
				SWIFT_VERSION = 5.0;
				TARGETED_DEVICE_FAMILY = "1,2";
			};
			name = Release;
		};
/* End XCBuildConfiguration section */

/* Begin XCConfigurationList section */
		A9BCF0CE2BE9060700EAA5C6 /* Build configuration list for PBXProject "SampleApp" */ = {
			isa = XCConfigurationList;
			buildConfigurations = (
				A9BCF0DF2BE9060800EAA5C6 /* Debug */,
				A9BCF0E02BE9060800EAA5C6 /* Release */,
			);
			defaultConfigurationIsVisible = 0;
			defaultConfigurationName = Release;
		};
		A9BCF0E12BE9060800EAA5C6 /* Build configuration list for PBXNativeTarget "SampleApp" */ = {
			isa = XCConfigurationList;
			buildConfigurations = (
				A9BCF0E22BE9060800EAA5C6 /* Debug */,
				A9BCF0E32BE9060800EAA5C6 /* Release */,
			);
			defaultConfigurationIsVisible = 0;
			defaultConfigurationName = Release;
		};
/* End XCConfigurationList section */
	};
	rootObject = A9BCF0CB2BE9060700EAA5C6 /* Project object */;
}
